// !$*UTF8*$!
{
	archiveVersion = 1;
	classes = {
	};
	objectVersion = 55;
	objects = {

/* Begin PBXBuildFile section */
		8979C52628ED782C0094F20D /* AppDelegate.swift in Sources */ = {isa = PBXBuildFile; fileRef = 8979C52528ED782C0094F20D /* AppDelegate.swift */; };
		8979C52828ED782C0094F20D /* SceneDelegate.swift in Sources */ = {isa = PBXBuildFile; fileRef = 8979C52728ED782C0094F20D /* SceneDelegate.swift */; };
		8979C52A28ED782C0094F20D /* ViewController.swift in Sources */ = {isa = PBXBuildFile; fileRef = 8979C52928ED782C0094F20D /* ViewController.swift */; };
		8979C52F28ED782D0094F20D /* Assets.xcassets in Resources */ = {isa = PBXBuildFile; fileRef = 8979C52E28ED782D0094F20D /* Assets.xcassets */; };
		8979C54628ED7ACF0094F20D /* SnapKit in Frameworks */ = {isa = PBXBuildFile; productRef = 8979C54528ED7ACF0094F20D /* SnapKit */; };
		8979C55828EDD3120094F20D /* Model.swift in Sources */ = {isa = PBXBuildFile; fileRef = 8979C55728EDD3120094F20D /* Model.swift */; };
/* End PBXBuildFile section */

/* Begin PBXFileReference section */
		8979C52228ED782C0094F20D /* SettingsScreen_MVC.app */ = {isa = PBXFileReference; explicitFileType = wrapper.application; includeInIndex = 0; path = SettingsScreen_MVC.app; sourceTree = BUILT_PRODUCTS_DIR; };
		8979C52528ED782C0094F20D /* AppDelegate.swift */ = {isa = PBXFileReference; lastKnownFileType = sourcecode.swift; path = AppDelegate.swift; sourceTree = "<group>"; };
		8979C52728ED782C0094F20D /* SceneDelegate.swift */ = {isa = PBXFileReference; lastKnownFileType = sourcecode.swift; path = SceneDelegate.swift; sourceTree = "<group>"; };
		8979C52928ED782C0094F20D /* ViewController.swift */ = {isa = PBXFileReference; lastKnownFileType = sourcecode.swift; path = ViewController.swift; sourceTree = "<group>"; };
		8979C52E28ED782D0094F20D /* Assets.xcassets */ = {isa = PBXFileReference; lastKnownFileType = folder.assetcatalog; path = Assets.xcassets; sourceTree = "<group>"; };
		8979C53328ED782D0094F20D /* Info.plist */ = {isa = PBXFileReference; lastKnownFileType = text.plist.xml; path = Info.plist; sourceTree = "<group>"; };
		8979C55728EDD3120094F20D /* Model.swift */ = {isa = PBXFileReference; lastKnownFileType = sourcecode.swift; path = Model.swift; sourceTree = "<group>"; };
/* End PBXFileReference section */

/* Begin PBXFrameworksBuildPhase section */
		8979C51F28ED782C0094F20D /* Frameworks */ = {
			isa = PBXFrameworksBuildPhase;
			buildActionMask = 2147483647;
			files = (
				8979C54628ED7ACF0094F20D /* SnapKit in Frameworks */,
			);
			runOnlyForDeploymentPostprocessing = 0;
		};
/* End PBXFrameworksBuildPhase section */

/* Begin PBXGroup section */
		8979C51928ED782C0094F20D = {
			isa = PBXGroup;
			children = (
				8979C52428ED782C0094F20D /* SettingsScreen_MVC */,
				8979C52328ED782C0094F20D /* Products */,
			);
			sourceTree = "<group>";
		};
		8979C52328ED782C0094F20D /* Products */ = {
			isa = PBXGroup;
			children = (
				8979C52228ED782C0094F20D /* SettingsScreen_MVC.app */,
			);
			name = Products;
			sourceTree = "<group>";
		};
		8979C52428ED782C0094F20D /* SettingsScreen_MVC */ = {
			isa = PBXGroup;
			children = (
				8979C53A28ED78A60094F20D /* Resources */,
				8979C53928ED789C0094F20D /* Sources */,
			);
			path = SettingsScreen_MVC;
			sourceTree = "<group>";
		};
		8979C53928ED789C0094F20D /* Sources */ = {
			isa = PBXGroup;
			children = (
				8979C54028ED79810094F20D /* Scenes */,
				8979C53C28ED78CE0094F20D /* App */,
			);
			path = Sources;
			sourceTree = "<group>";
		};
		8979C53A28ED78A60094F20D /* Resources */ = {
			isa = PBXGroup;
			children = (
				8979C52E28ED782D0094F20D /* Assets.xcassets */,
				8979C53B28ED78AE0094F20D /* Configuration */,
			);
			path = Resources;
			sourceTree = "<group>";
		};
		8979C53B28ED78AE0094F20D /* Configuration */ = {
			isa = PBXGroup;
			children = (
				8979C53328ED782D0094F20D /* Info.plist */,
			);
			path = Configuration;
			sourceTree = "<group>";
		};
		8979C53C28ED78CE0094F20D /* App */ = {
			isa = PBXGroup;
			children = (
				8979C52528ED782C0094F20D /* AppDelegate.swift */,
				8979C52728ED782C0094F20D /* SceneDelegate.swift */,
			);
			path = App;
			sourceTree = "<group>";
		};
		8979C53D28ED78ED0094F20D /* Controller */ = {
			isa = PBXGroup;
			children = (
			);
			path = Controller;
			sourceTree = "<group>";
		};
		8979C53E28ED78F60094F20D /* View */ = {
			isa = PBXGroup;
			children = (
				8979C54128ED79B30094F20D /* TableView */,
				8979C54228ED79BC0094F20D /* DetailView */,
			);
			path = View;
			sourceTree = "<group>";
		};
		8979C53F28ED79250094F20D /* Model */ = {
			isa = PBXGroup;
			children = (
				8979C55728EDD3120094F20D /* Model.swift */,
			);
			path = Model;
			sourceTree = "<group>";
		};
		8979C54028ED79810094F20D /* Scenes */ = {
			isa = PBXGroup;
			children = (
				8979C53D28ED78ED0094F20D /* Controller */,
				8979C53E28ED78F60094F20D /* View */,
				8979C53F28ED79250094F20D /* Model */,
			);
			path = Scenes;
			sourceTree = "<group>";
		};
		8979C54128ED79B30094F20D /* TableView */ = {
			isa = PBXGroup;
			children = (
				8979C54328ED79CA0094F20D /* ViewCell */,
				8979C52928ED782C0094F20D /* ViewController.swift */,
			);
			path = TableView;
			sourceTree = "<group>";
		};
		8979C54228ED79BC0094F20D /* DetailView */ = {
			isa = PBXGroup;
			children = (
			);
			path = DetailView;
			sourceTree = "<group>";
		};
		8979C54328ED79CA0094F20D /* ViewCell */ = {
			isa = PBXGroup;
			children = (
			);
			path = ViewCell;
			sourceTree = "<group>";
		};
/* End PBXGroup section */

/* Begin PBXNativeTarget section */
		8979C52128ED782C0094F20D /* SettingsScreen_MVC */ = {
			isa = PBXNativeTarget;
			buildConfigurationList = 8979C53628ED782D0094F20D /* Build configuration list for PBXNativeTarget "SettingsScreen_MVC" */;
			buildPhases = (
				8979C51E28ED782C0094F20D /* Sources */,
				8979C51F28ED782C0094F20D /* Frameworks */,
				8979C52028ED782C0094F20D /* Resources */,
			);
			buildRules = (
			);
			dependencies = (
			);
			name = SettingsScreen_MVC;
			packageProductDependencies = (
				8979C54528ED7ACF0094F20D /* SnapKit */,
			);
			productName = SettingsScreen_MVC;
			productReference = 8979C52228ED782C0094F20D /* SettingsScreen_MVC.app */;
			productType = "com.apple.product-type.application";
		};
/* End PBXNativeTarget section */

/* Begin PBXProject section */
		8979C51A28ED782C0094F20D /* Project object */ = {
			isa = PBXProject;
			attributes = {
				BuildIndependentTargetsInParallel = 1;
				LastSwiftUpdateCheck = 1340;
				LastUpgradeCheck = 1340;
				TargetAttributes = {
					8979C52128ED782C0094F20D = {
						CreatedOnToolsVersion = 13.4.1;
					};
				};
			};
			buildConfigurationList = 8979C51D28ED782C0094F20D /* Build configuration list for PBXProject "SettingsScreen_MVC" */;
			compatibilityVersion = "Xcode 13.0";
			developmentRegion = en;
			hasScannedForEncodings = 0;
			knownRegions = (
				en,
				Base,
			);
			mainGroup = 8979C51928ED782C0094F20D;
			packageReferences = (
				8979C54428ED7ACF0094F20D /* XCRemoteSwiftPackageReference "SnapKit" */,
			);
			productRefGroup = 8979C52328ED782C0094F20D /* Products */;
			projectDirPath = "";
			projectRoot = "";
			targets = (
				8979C52128ED782C0094F20D /* SettingsScreen_MVC */,
			);
		};
/* End PBXProject section */

/* Begin PBXResourcesBuildPhase section */
		8979C52028ED782C0094F20D /* Resources */ = {
			isa = PBXResourcesBuildPhase;
			buildActionMask = 2147483647;
			files = (
				8979C52F28ED782D0094F20D /* Assets.xcassets in Resources */,
			);
			runOnlyForDeploymentPostprocessing = 0;
		};
/* End PBXResourcesBuildPhase section */

/* Begin PBXSourcesBuildPhase section */
		8979C51E28ED782C0094F20D /* Sources */ = {
			isa = PBXSourcesBuildPhase;
			buildActionMask = 2147483647;
			files = (
				8979C52A28ED782C0094F20D /* ViewController.swift in Sources */,
				8979C52628ED782C0094F20D /* AppDelegate.swift in Sources */,
				8979C52828ED782C0094F20D /* SceneDelegate.swift in Sources */,
				8979C55828EDD3120094F20D /* Model.swift in Sources */,
			);
			runOnlyForDeploymentPostprocessing = 0;
		};
/* End PBXSourcesBuildPhase section */

/* Begin XCBuildConfiguration section */
		8979C53428ED782D0094F20D /* Debug */ = {
			isa = XCBuildConfiguration;
			buildSettings = {
				ALWAYS_SEARCH_USER_PATHS = NO;
				CLANG_ANALYZER_NONNULL = YES;
				CLANG_ANALYZER_NUMBER_OBJECT_CONVERSION = YES_AGGRESSIVE;
				CLANG_CXX_LANGUAGE_STANDARD = "gnu++17";
				CLANG_ENABLE_MODULES = YES;
				CLANG_ENABLE_OBJC_ARC = YES;
				CLANG_ENABLE_OBJC_WEAK = YES;
				CLANG_WARN_BLOCK_CAPTURE_AUTORELEASING = YES;
				CLANG_WARN_BOOL_CONVERSION = YES;
				CLANG_WARN_COMMA = YES;
				CLANG_WARN_CONSTANT_CONVERSION = YES;
				CLANG_WARN_DEPRECATED_OBJC_IMPLEMENTATIONS = YES;
				CLANG_WARN_DIRECT_OBJC_ISA_USAGE = YES_ERROR;
				CLANG_WARN_DOCUMENTATION_COMMENTS = YES;
				CLANG_WARN_EMPTY_BODY = YES;
				CLANG_WARN_ENUM_CONVERSION = YES;
				CLANG_WARN_INFINITE_RECURSION = YES;
				CLANG_WARN_INT_CONVERSION = YES;
				CLANG_WARN_NON_LITERAL_NULL_CONVERSION = YES;
				CLANG_WARN_OBJC_IMPLICIT_RETAIN_SELF = YES;
				CLANG_WARN_OBJC_LITERAL_CONVERSION = YES;
				CLANG_WARN_OBJC_ROOT_CLASS = YES_ERROR;
				CLANG_WARN_QUOTED_INCLUDE_IN_FRAMEWORK_HEADER = YES;
				CLANG_WARN_RANGE_LOOP_ANALYSIS = YES;
				CLANG_WARN_STRICT_PROTOTYPES = YES;
				CLANG_WARN_SUSPICIOUS_MOVE = YES;
				CLANG_WARN_UNGUARDED_AVAILABILITY = YES_AGGRESSIVE;
				CLANG_WARN_UNREACHABLE_CODE = YES;
				CLANG_WARN__DUPLICATE_METHOD_MATCH = YES;
				COPY_PHASE_STRIP = NO;
				DEBUG_INFORMATION_FORMAT = dwarf;
				ENABLE_STRICT_OBJC_MSGSEND = YES;
				ENABLE_TESTABILITY = YES;
				GCC_C_LANGUAGE_STANDARD = gnu11;
				GCC_DYNAMIC_NO_PIC = NO;
				GCC_NO_COMMON_BLOCKS = YES;
				GCC_OPTIMIZATION_LEVEL = 0;
				GCC_PREPROCESSOR_DEFINITIONS = (
					"DEBUG=1",
					"$(inherited)",
				);
				GCC_WARN_64_TO_32_BIT_CONVERSION = YES;
				GCC_WARN_ABOUT_RETURN_TYPE = YES_ERROR;
				GCC_WARN_UNDECLARED_SELECTOR = YES;
				GCC_WARN_UNINITIALIZED_AUTOS = YES_AGGRESSIVE;
				GCC_WARN_UNUSED_FUNCTION = YES;
				GCC_WARN_UNUSED_VARIABLE = YES;
				IPHONEOS_DEPLOYMENT_TARGET = 15.5;
				MTL_ENABLE_DEBUG_INFO = INCLUDE_SOURCE;
				MTL_FAST_MATH = YES;
				ONLY_ACTIVE_ARCH = YES;
				SDKROOT = iphoneos;
				SWIFT_ACTIVE_COMPILATION_CONDITIONS = DEBUG;
				SWIFT_OPTIMIZATION_LEVEL = "-Onone";
			};
			name = Debug;
		};
		8979C53528ED782D0094F20D /* Release */ = {
			isa = XCBuildConfiguration;
			buildSettings = {
				ALWAYS_SEARCH_USER_PATHS = NO;
				CLANG_ANALYZER_NONNULL = YES;
				CLANG_ANALYZER_NUMBER_OBJECT_CONVERSION = YES_AGGRESSIVE;
				CLANG_CXX_LANGUAGE_STANDARD = "gnu++17";
				CLANG_ENABLE_MODULES = YES;
				CLANG_ENABLE_OBJC_ARC = YES;
				CLANG_ENABLE_OBJC_WEAK = YES;
				CLANG_WARN_BLOCK_CAPTURE_AUTORELEASING = YES;
				CLANG_WARN_BOOL_CONVERSION = YES;
				CLANG_WARN_COMMA = YES;
				CLANG_WARN_CONSTANT_CONVERSION = YES;
				CLANG_WARN_DEPRECATED_OBJC_IMPLEMENTATIONS = YES;
				CLANG_WARN_DIRECT_OBJC_ISA_USAGE = YES_ERROR;
				CLANG_WARN_DOCUMENTATION_COMMENTS = YES;
				CLANG_WARN_EMPTY_BODY = YES;
				CLANG_WARN_ENUM_CONVERSION = YES;
				CLANG_WARN_INFINITE_RECURSION = YES;
				CLANG_WARN_INT_CONVERSION = YES;
				CLANG_WARN_NON_LITERAL_NULL_CONVERSION = YES;
				CLANG_WARN_OBJC_IMPLICIT_RETAIN_SELF = YES;
				CLANG_WARN_OBJC_LITERAL_CONVERSION = YES;
				CLANG_WARN_OBJC_ROOT_CLASS = YES_ERROR;
				CLANG_WARN_QUOTED_INCLUDE_IN_FRAMEWORK_HEADER = YES;
				CLANG_WARN_RANGE_LOOP_ANALYSIS = YES;
				CLANG_WARN_STRICT_PROTOTYPES = YES;
				CLANG_WARN_SUSPICIOUS_MOVE = YES;
				CLANG_WARN_UNGUARDED_AVAILABILITY = YES_AGGRESSIVE;
				CLANG_WARN_UNREACHABLE_CODE = YES;
				CLANG_WARN__DUPLICATE_METHOD_MATCH = YES;
				COPY_PHASE_STRIP = NO;
				DEBUG_INFORMATION_FORMAT = "dwarf-with-dsym";
				ENABLE_NS_ASSERTIONS = NO;
				ENABLE_STRICT_OBJC_MSGSEND = YES;
				GCC_C_LANGUAGE_STANDARD = gnu11;
				GCC_NO_COMMON_BLOCKS = YES;
				GCC_WARN_64_TO_32_BIT_CONVERSION = YES;
				GCC_WARN_ABOUT_RETURN_TYPE = YES_ERROR;
				GCC_WARN_UNDECLARED_SELECTOR = YES;
				GCC_WARN_UNINITIALIZED_AUTOS = YES_AGGRESSIVE;
				GCC_WARN_UNUSED_FUNCTION = YES;
				GCC_WARN_UNUSED_VARIABLE = YES;
				IPHONEOS_DEPLOYMENT_TARGET = 15.5;
				MTL_ENABLE_DEBUG_INFO = NO;
				MTL_FAST_MATH = YES;
				SDKROOT = iphoneos;
				SWIFT_COMPILATION_MODE = wholemodule;
				SWIFT_OPTIMIZATION_LEVEL = "-O";
				VALIDATE_PRODUCT = YES;
			};
			name = Release;
		};
		8979C53728ED782D0094F20D /* Debug */ = {
			isa = XCBuildConfiguration;
			buildSettings = {
				ASSETCATALOG_COMPILER_APPICON_NAME = AppIcon;
				ASSETCATALOG_COMPILER_GLOBAL_ACCENT_COLOR_NAME = AccentColor;
				CODE_SIGN_STYLE = Automatic;
				CURRENT_PROJECT_VERSION = 1;
				DEVELOPMENT_TEAM = 8Y2M33565N;
				GENERATE_INFOPLIST_FILE = YES;
				INFOPLIST_FILE = SettingsScreen_MVC/Resources/Configuration/Info.plist;
				INFOPLIST_KEY_UIApplicationSupportsIndirectInputEvents = YES;
				INFOPLIST_KEY_UILaunchStoryboardName = LaunchScreen;
				INFOPLIST_KEY_UISupportedInterfaceOrientations_iPad = "UIInterfaceOrientationPortrait UIInterfaceOrientationPortraitUpsideDown UIInterfaceOrientationLandscapeLeft UIInterfaceOrientationLandscapeRight";
				INFOPLIST_KEY_UISupportedInterfaceOrientations_iPhone = "UIInterfaceOrientationPortrait UIInterfaceOrientationLandscapeLeft UIInterfaceOrientationLandscapeRight";
				LD_RUNPATH_SEARCH_PATHS = (
					"$(inherited)",
					"@executable_path/Frameworks",
				);
				MARKETING_VERSION = 1.0;
				PRODUCT_BUNDLE_IDENTIFIER = "NikitaZhiltsov.SettingsScreen-MVC";
				PRODUCT_NAME = "$(TARGET_NAME)";
				SWIFT_EMIT_LOC_STRINGS = YES;
				SWIFT_VERSION = 5.0;
				TARGETED_DEVICE_FAMILY = "1,2";
			};
			name = Debug;
		};
		8979C53828ED782D0094F20D /* Release */ = {
			isa = XCBuildConfiguration;
			buildSettings = {
				ASSETCATALOG_COMPILER_APPICON_NAME = AppIcon;
				ASSETCATALOG_COMPILER_GLOBAL_ACCENT_COLOR_NAME = AccentColor;
				CODE_SIGN_STYLE = Automatic;
				CURRENT_PROJECT_VERSION = 1;
				DEVELOPMENT_TEAM = 8Y2M33565N;
				GENERATE_INFOPLIST_FILE = YES;
				INFOPLIST_FILE = SettingsScreen_MVC/Resources/Configuration/Info.plist;
				INFOPLIST_KEY_UIApplicationSupportsIndirectInputEvents = YES;
				INFOPLIST_KEY_UILaunchStoryboardName = LaunchScreen;
				INFOPLIST_KEY_UISupportedInterfaceOrientations_iPad = "UIInterfaceOrientationPortrait UIInterfaceOrientationPortraitUpsideDown UIInterfaceOrientationLandscapeLeft UIInterfaceOrientationLandscapeRight";
				INFOPLIST_KEY_UISupportedInterfaceOrientations_iPhone = "UIInterfaceOrientationPortrait UIInterfaceOrientationLandscapeLeft UIInterfaceOrientationLandscapeRight";
				LD_RUNPATH_SEARCH_PATHS = (
					"$(inherited)",
					"@executable_path/Frameworks",
				);
				MARKETING_VERSION = 1.0;
				PRODUCT_BUNDLE_IDENTIFIER = "NikitaZhiltsov.SettingsScreen-MVC";
				PRODUCT_NAME = "$(TARGET_NAME)";
				SWIFT_EMIT_LOC_STRINGS = YES;
				SWIFT_VERSION = 5.0;
				TARGETED_DEVICE_FAMILY = "1,2";
			};
			name = Release;
		};
/* End XCBuildConfiguration section */

/* Begin XCConfigurationList section */
		8979C51D28ED782C0094F20D /* Build configuration list for PBXProject "SettingsScreen_MVC" */ = {
			isa = XCConfigurationList;
			buildConfigurations = (
				8979C53428ED782D0094F20D /* Debug */,
				8979C53528ED782D0094F20D /* Release */,
			);
			defaultConfigurationIsVisible = 0;
			defaultConfigurationName = Release;
		};
		8979C53628ED782D0094F20D /* Build configuration list for PBXNativeTarget "SettingsScreen_MVC" */ = {
			isa = XCConfigurationList;
			buildConfigurations = (
				8979C53728ED782D0094F20D /* Debug */,
				8979C53828ED782D0094F20D /* Release */,
			);
			defaultConfigurationIsVisible = 0;
			defaultConfigurationName = Release;
		};
/* End XCConfigurationList section */

/* Begin XCRemoteSwiftPackageReference section */
		8979C54428ED7ACF0094F20D /* XCRemoteSwiftPackageReference "SnapKit" */ = {
			isa = XCRemoteSwiftPackageReference;
			repositoryURL = "https://github.com/SnapKit/SnapKit.git";
			requirement = {
				branch = develop;
				kind = branch;
			};
		};
/* End XCRemoteSwiftPackageReference section */

/* Begin XCSwiftPackageProductDependency section */
		8979C54528ED7ACF0094F20D /* SnapKit */ = {
			isa = XCSwiftPackageProductDependency;
			package = 8979C54428ED7ACF0094F20D /* XCRemoteSwiftPackageReference "SnapKit" */;
			productName = SnapKit;
		};
/* End XCSwiftPackageProductDependency section */
	};
	rootObject = 8979C51A28ED782C0094F20D /* Project object */;
}
